
Microsoft Visual Studio Solution File, Format Version 11.00
# Visual Studio 2010
Project("{FAE04EC0-301F-11D3-BF4B-00C04F79EFBC}") = "Mega Channel", "Mega Channel\Mega Channel.csproj", "{DB85700A-B9CA-4CEC-9C18-09EBAF709E7F}"
EndProject
Global
	GlobalSection(SolutionConfigurationPlatforms) = preSolution
		Debug|Any CPU = Debug|Any CPU
		Release|Any CPU = Release|Any CPU
	EndGlobalSection
	GlobalSection(ProjectConfigurationPlatforms) = postSolution
		{DB85700A-B9CA-4CEC-9C18-09EBAF709E7F}.Debug|Any CPU.ActiveCfg = Debug|Any CPU
		{DB85700A-B9CA-4CEC-9C18-09EBAF709E7F}.Debug|Any CPU.Build.0 = Debug|Any CPU
		{DB85700A-B9CA-4CEC-9C18-09EBAF709E7F}.Release|Any CPU.ActiveCfg = Release|Any CPU
		{DB85700A-B9CA-4CEC-9C18-09EBAF709E7F}.Release|Any CPU.Build.0 = Release|Any CPU
	EndGlobalSection
	GlobalSection(SolutionProperties) = preSolution
		HideSolutionNode = FALSE
	EndGlobalSection
EndGlobal
